
Microsoft Visual Studio Solution File, Format Version 12.00
# Visual Studio Version 16
VisualStudioVersion = 16.0.28917.182
MinimumVisualStudioVersion = 10.0.40219.1
Project("{FAE04EC0-301F-11D3-BF4B-00C04F79EFBC}") = "ProiectPaw", "ProiectPaw\ProiectPaw.csproj", "{EE45EBF4-632B-4ED2-94BD-5B4AA0F3403D}"
EndProject
Global
	GlobalSection(SolutionConfigurationPlatforms) = preSolution
		Debug|Any CPU = Debug|Any CPU
		Release|Any CPU = Release|Any CPU
	EndGlobalSection
	GlobalSection(ProjectConfigurationPlatforms) = postSolution
		{EE45EBF4-632B-4ED2-94BD-5B4AA0F3403D}.Debug|Any CPU.ActiveCfg = Debug|Any CPU
		{EE45EBF4-632B-4ED2-94BD-5B4AA0F3403D}.Debug|Any CPU.Build.0 = Debug|Any CPU
		{EE45EBF4-632B-4ED2-94BD-5B4AA0F3403D}.Release|Any CPU.ActiveCfg = Release|Any CPU
		{EE45EBF4-632B-4ED2-94BD-5B4AA0F3403D}.Release|Any CPU.Build.0 = Release|Any CPU
	EndGlobalSection
	GlobalSection(SolutionProperties) = preSolution
		HideSolutionNode = FALSE
	EndGlobalSection
	GlobalSection(ExtensibilityGlobals) = postSolution
		SolutionGuid = {AD839616-4234-4F89-8634-F12099A335D8}
	EndGlobalSection
EndGlobal
